
Microsoft Visual Studio Solution File, Format Version 12.00
# Visual Studio Version 16
VisualStudioVersion = 16.0.29521.150
MinimumVisualStudioVersion = 10.0.40219.1
Project("{9A19103F-16F7-4668-BE54-9A1E7A4F7556}") = "Cross.Repository", "Cross.Repository\Cross.Repository.csproj", "{5BE3FFB3-60C7-48D2-8890-83821596F045}"
EndProject
Project("{9A19103F-16F7-4668-BE54-9A1E7A4F7556}") = "Cross.IRepository", "Cross.IRepository\Cross.IRepository.csproj", "{66689995-910A-466A-8A42-CA1F22675053}"
EndProject
Project("{9A19103F-16F7-4668-BE54-9A1E7A4F7556}") = "Cross.Dtos", "Cross.Dtos\Cross.Dtos.csproj", "{62ADC470-A7B1-42DA-9258-6E7EDD2D0D36}"
EndProject
Project("{9A19103F-16F7-4668-BE54-9A1E7A4F7556}") = "Cross.ResourceLib", "Cross.ResourceLib\Cross.ResourceLib.csproj", "{0BC175FE-6D4E-4142-9F22-665562E799E5}"
EndProject
Project("{9A19103F-16F7-4668-BE54-9A1E7A4F7556}") = "Cross.DependencyInjections", "Cross.DependencyInjections\Cross.DependencyInjections.csproj", "{349D079E-E590-4D39-9310-5A7FB42F3DD4}"
EndProject
Project("{2150E333-8FDC-42A3-9474-1A3956D46DE8}") = "Extends", "Extends", "{B73B4864-E16F-41BF-AB10-C7022C409E72}"
EndProject
Project("{2150E333-8FDC-42A3-9474-1A3956D46DE8}") = "Abstractions", "Abstractions", "{BF96CFAB-2DE1-42A6-A37E-EEAA96CB6D5B}"
EndProject
Project("{2150E333-8FDC-42A3-9474-1A3956D46DE8}") = "Utils", "Utils", "{9063E56C-FEE2-45D3-8967-4D8463BFEBAE}"
EndProject
Project("{2150E333-8FDC-42A3-9474-1A3956D46DE8}") = "Share", "Share", "{F5AF392C-0A14-4824-A156-BA015FD3C567}"
EndProject
Project("{2150E333-8FDC-42A3-9474-1A3956D46DE8}") = "Tests", "Tests", "{9FDB84A0-7094-402C-A488-6D2AE8D2B076}"
EndProject
Project("{2150E333-8FDC-42A3-9474-1A3956D46DE8}") = "IT", "IT", "{33814FF2-5D8C-4AAA-91F5-2F1B93F8882C}"
EndProject
Project("{9A19103F-16F7-4668-BE54-9A1E7A4F7556}") = "Cross.IT.ConsoleApp.Repository", "Cross.IT.ConsoleApp.Repository\Cross.IT.ConsoleApp.Repository.csproj", "{6C408C85-89AF-4EB9-BEF3-1273D1A67C97}"
EndProject
Project("{2150E333-8FDC-42A3-9474-1A3956D46DE8}") = "Share", "Share", "{1644D876-1415-45A2-A6AF-6C5C21DEDF99}"
EndProject
Project("{9A19103F-16F7-4668-BE54-9A1E7A4F7556}") = "Cross.Tests.Share", "Cross.Tests.Share\Cross.Tests.Share.csproj", "{CAF8040E-122E-40B4-9145-80664A49979F}"
EndProject
Project("{FAE04EC0-301F-11D3-BF4B-00C04F79EFBC}") = "Cross.IService", "Cross.IService\Cross.IService.csproj", "{A0459F92-2438-41B0-A2E6-34365F85F762}"
EndProject
Project("{FAE04EC0-301F-11D3-BF4B-00C04F79EFBC}") = "Cross.Models", "Cross.Models\Cross.Models.csproj", "{F3B63951-EFF5-40D0-925B-1BCDC7ED274E}"
EndProject
Project("{FAE04EC0-301F-11D3-BF4B-00C04F79EFBC}") = "Cross.Share", "Cross.Share\Cross.Share.csproj", "{5283E8FA-AF09-4AB3-87A5-75D734A9645E}"
EndProject
Project("{FAE04EC0-301F-11D3-BF4B-00C04F79EFBC}") = "Cross.Service", "Cross.Service\Cross.Service.csproj", "{2F15C493-9DB0-4128-927B-DFA88A18277B}"
EndProject
Global
	GlobalSection(SolutionConfigurationPlatforms) = preSolution
		Debug|Any CPU = Debug|Any CPU
		Release|Any CPU = Release|Any CPU
	EndGlobalSection
	GlobalSection(ProjectConfigurationPlatforms) = postSolution
		{5BE3FFB3-60C7-48D2-8890-83821596F045}.Debug|Any CPU.ActiveCfg = Debug|Any CPU
		{5BE3FFB3-60C7-48D2-8890-83821596F045}.Debug|Any CPU.Build.0 = Debug|Any CPU
		{5BE3FFB3-60C7-48D2-8890-83821596F045}.Release|Any CPU.ActiveCfg = Release|Any CPU
		{5BE3FFB3-60C7-48D2-8890-83821596F045}.Release|Any CPU.Build.0 = Release|Any CPU
		{66689995-910A-466A-8A42-CA1F22675053}.Debug|Any CPU.ActiveCfg = Debug|Any CPU
		{66689995-910A-466A-8A42-CA1F22675053}.Debug|Any CPU.Build.0 = Debug|Any CPU
		{66689995-910A-466A-8A42-CA1F22675053}.Release|Any CPU.ActiveCfg = Release|Any CPU
		{66689995-910A-466A-8A42-CA1F22675053}.Release|Any CPU.Build.0 = Release|Any CPU
		{62ADC470-A7B1-42DA-9258-6E7EDD2D0D36}.Debug|Any CPU.ActiveCfg = Debug|Any CPU
		{62ADC470-A7B1-42DA-9258-6E7EDD2D0D36}.Debug|Any CPU.Build.0 = Debug|Any CPU
		{62ADC470-A7B1-42DA-9258-6E7EDD2D0D36}.Release|Any CPU.ActiveCfg = Release|Any CPU
		{62ADC470-A7B1-42DA-9258-6E7EDD2D0D36}.Release|Any CPU.Build.0 = Release|Any CPU
		{0BC175FE-6D4E-4142-9F22-665562E799E5}.Debug|Any CPU.ActiveCfg = Debug|Any CPU
		{0BC175FE-6D4E-4142-9F22-665562E799E5}.Debug|Any CPU.Build.0 = Debug|Any CPU
		{0BC175FE-6D4E-4142-9F22-665562E799E5}.Release|Any CPU.ActiveCfg = Release|Any CPU
		{0BC175FE-6D4E-4142-9F22-665562E799E5}.Release|Any CPU.Build.0 = Release|Any CPU
		{349D079E-E590-4D39-9310-5A7FB42F3DD4}.Debug|Any CPU.ActiveCfg = Debug|Any CPU
		{349D079E-E590-4D39-9310-5A7FB42F3DD4}.Debug|Any CPU.Build.0 = Debug|Any CPU
		{349D079E-E590-4D39-9310-5A7FB42F3DD4}.Release|Any CPU.ActiveCfg = Release|Any CPU
		{349D079E-E590-4D39-9310-5A7FB42F3DD4}.Release|Any CPU.Build.0 = Release|Any CPU
		{6C408C85-89AF-4EB9-BEF3-1273D1A67C97}.Debug|Any CPU.ActiveCfg = Debug|Any CPU
		{6C408C85-89AF-4EB9-BEF3-1273D1A67C97}.Debug|Any CPU.Build.0 = Debug|Any CPU
		{6C408C85-89AF-4EB9-BEF3-1273D1A67C97}.Release|Any CPU.ActiveCfg = Release|Any CPU
		{6C408C85-89AF-4EB9-BEF3-1273D1A67C97}.Release|Any CPU.Build.0 = Release|Any CPU
		{CAF8040E-122E-40B4-9145-80664A49979F}.Debug|Any CPU.ActiveCfg = Debug|Any CPU
		{CAF8040E-122E-40B4-9145-80664A49979F}.Debug|Any CPU.Build.0 = Debug|Any CPU
		{CAF8040E-122E-40B4-9145-80664A49979F}.Release|Any CPU.ActiveCfg = Release|Any CPU
		{CAF8040E-122E-40B4-9145-80664A49979F}.Release|Any CPU.Build.0 = Release|Any CPU
		{A0459F92-2438-41B0-A2E6-34365F85F762}.Debug|Any CPU.ActiveCfg = Debug|Any CPU
		{A0459F92-2438-41B0-A2E6-34365F85F762}.Debug|Any CPU.Build.0 = Debug|Any CPU
		{A0459F92-2438-41B0-A2E6-34365F85F762}.Release|Any CPU.ActiveCfg = Release|Any CPU
		{A0459F92-2438-41B0-A2E6-34365F85F762}.Release|Any CPU.Build.0 = Release|Any CPU
		{F3B63951-EFF5-40D0-925B-1BCDC7ED274E}.Debug|Any CPU.ActiveCfg = Debug|Any CPU
		{F3B63951-EFF5-40D0-925B-1BCDC7ED274E}.Debug|Any CPU.Build.0 = Debug|Any CPU
		{F3B63951-EFF5-40D0-925B-1BCDC7ED274E}.Release|Any CPU.ActiveCfg = Release|Any CPU
		{F3B63951-EFF5-40D0-925B-1BCDC7ED274E}.Release|Any CPU.Build.0 = Release|Any CPU
		{5283E8FA-AF09-4AB3-87A5-75D734A9645E}.Debug|Any CPU.ActiveCfg = Debug|Any CPU
		{5283E8FA-AF09-4AB3-87A5-75D734A9645E}.Debug|Any CPU.Build.0 = Debug|Any CPU
		{5283E8FA-AF09-4AB3-87A5-75D734A9645E}.Release|Any CPU.ActiveCfg = Release|Any CPU
		{5283E8FA-AF09-4AB3-87A5-75D734A9645E}.Release|Any CPU.Build.0 = Release|Any CPU
		{2F15C493-9DB0-4128-927B-DFA88A18277B}.Debug|Any CPU.ActiveCfg = Debug|Any CPU
		{2F15C493-9DB0-4128-927B-DFA88A18277B}.Debug|Any CPU.Build.0 = Debug|Any CPU
		{2F15C493-9DB0-4128-927B-DFA88A18277B}.Release|Any CPU.ActiveCfg = Release|Any CPU
		{2F15C493-9DB0-4128-927B-DFA88A18277B}.Release|Any CPU.Build.0 = Release|Any CPU
	EndGlobalSection
	GlobalSection(SolutionProperties) = preSolution
		HideSolutionNode = FALSE
	EndGlobalSection
	GlobalSection(NestedProjects) = preSolution
		{5BE3FFB3-60C7-48D2-8890-83821596F045} = {B73B4864-E16F-41BF-AB10-C7022C409E72}
		{66689995-910A-466A-8A42-CA1F22675053} = {BF96CFAB-2DE1-42A6-A37E-EEAA96CB6D5B}
		{62ADC470-A7B1-42DA-9258-6E7EDD2D0D36} = {F5AF392C-0A14-4824-A156-BA015FD3C567}
		{0BC175FE-6D4E-4142-9F22-665562E799E5} = {9063E56C-FEE2-45D3-8967-4D8463BFEBAE}
		{349D079E-E590-4D39-9310-5A7FB42F3DD4} = {9063E56C-FEE2-45D3-8967-4D8463BFEBAE}
		{33814FF2-5D8C-4AAA-91F5-2F1B93F8882C} = {9FDB84A0-7094-402C-A488-6D2AE8D2B076}
		{6C408C85-89AF-4EB9-BEF3-1273D1A67C97} = {33814FF2-5D8C-4AAA-91F5-2F1B93F8882C}
		{1644D876-1415-45A2-A6AF-6C5C21DEDF99} = {9FDB84A0-7094-402C-A488-6D2AE8D2B076}
		{CAF8040E-122E-40B4-9145-80664A49979F} = {1644D876-1415-45A2-A6AF-6C5C21DEDF99}
		{A0459F92-2438-41B0-A2E6-34365F85F762} = {BF96CFAB-2DE1-42A6-A37E-EEAA96CB6D5B}
		{F3B63951-EFF5-40D0-925B-1BCDC7ED274E} = {F5AF392C-0A14-4824-A156-BA015FD3C567}
		{5283E8FA-AF09-4AB3-87A5-75D734A9645E} = {F5AF392C-0A14-4824-A156-BA015FD3C567}
		{2F15C493-9DB0-4128-927B-DFA88A18277B} = {B73B4864-E16F-41BF-AB10-C7022C409E72}
	EndGlobalSection
	GlobalSection(ExtensibilityGlobals) = postSolution
		SolutionGuid = {116A995F-7122-48F9-B7D1-394741F59021}
	EndGlobalSection
EndGlobal
